
Microsoft Visual Studio Solution File, Format Version 12.00
# Visual Studio Version 16
VisualStudioVersion = 16.0.30104.148
MinimumVisualStudioVersion = 10.0.40219.1
Project("{FAE04EC0-301F-11D3-BF4B-00C04F79EFBC}") = "Practic", "Practic.csproj", "{8233C0DD-67B8-4AF3-961E-AB0A350D372D}"
EndProject
Global
	GlobalSection(SolutionConfigurationPlatforms) = preSolution
		Debug|Any CPU = Debug|Any CPU
		Release|Any CPU = Release|Any CPU
	EndGlobalSection
	GlobalSection(ProjectConfigurationPlatforms) = postSolution
		{8233C0DD-67B8-4AF3-961E-AB0A350D372D}.Debug|Any CPU.ActiveCfg = Debug|Any CPU
		{8233C0DD-67B8-4AF3-961E-AB0A350D372D}.Debug|Any CPU.Build.0 = Debug|Any CPU
		{8233C0DD-67B8-4AF3-961E-AB0A350D372D}.Release|Any CPU.ActiveCfg = Release|Any CPU
		{8233C0DD-67B8-4AF3-961E-AB0A350D372D}.Release|Any CPU.Build.0 = Release|Any CPU
	EndGlobalSection
	GlobalSection(SolutionProperties) = preSolution
		HideSolutionNode = FALSE
	EndGlobalSection
	GlobalSection(ExtensibilityGlobals) = postSolution
		SolutionGuid = {865C2C9A-0860-4016-8A90-22072014425A}
	EndGlobalSection
EndGlobal
